<?xml version="1.0" encoding="utf-8"?>
<Project ToolsVersion="4.0" xmlns="http://schemas.microsoft.com/developer/msbuild/2003">
  <ItemGroup>
    <Filter Include="Source Files">
      <UniqueIdentifier>{4FC737F1-C7A5-4376-A066-2A32D752A2FF}</UniqueIdentifier>
      <Extensions>cpp;c;cc;cxx;def;odl;idl;hpj;bat;asm;asmx</Extensions>
    </Filter>
    <Filter Include="Header Files">
      <UniqueIdentifier>{93995380-89BD-4b04-88EB-625FBE52EBFB}</UniqueIdentifier>
      <Extensions>h;hh;hpp;hxx;hm;inl;inc;xsd</Extensions>
    </Filter>
    <Filter Include="Resource Files">
      <UniqueIdentifier>{67DA6AB6-F800-4c08-8B7A-83BB121AAD01}</UniqueIdentifier>
      <Extensions>rc;ico;cur;bmp;dlg;rc2;rct;bin;rgs;gif;jpg;jpeg;jpe;resx;tiff;tif;png;wav;mfcribbon-ms</Extensions>
    </Filter>
  </ItemGroup>
  <ItemGroup>
    <ClInclude Include="AgentAvDetect.h">
      <Filter>Header Files</Filter>
    </ClInclude>
    <ClInclude Include="AgentEncyption.h">
      <Filter>Header Files</Filter>
    </ClInclude>
    <ClInclude Include="AgentFileFinder.h">
      <Filter>Header Files</Filter>
    </ClInclude>
    <ClInclude Include="AgentGlobals.h">
      <Filter>Header Files</Filter>
    </ClInclude>
    <ClInclude Include="AgentHelpers.h">
      <Filter>Header Files</Filter>
    </ClInclude>
    <ClInclude Include="AgentHTTP.h">
      <Filter>Header Files</Filter>
    </ClInclude>
    <ClInclude Include="AgentInfo.h">
      <Filter>Header Files</Filter>
    </ClInclude>
    <ClInclude Include="AgentLog.h">
      <Filter>Header Files</Filter>
    </ClInclude>
    <ClInclude Include="AgentOrchestrator.h">
      <Filter>Header Files</Filter>
    </ClInclude>
    <ClInclude Include="AgentPanic.h">
      <Filter>Header Files</Filter>
    </ClInclude>
    <ClInclude Include="AgentPrivs.h">
      <Filter>Header Files</Filter>
    </ClInclude>
    <ClInclude Include="AgentPS.h">
      <Filter>Header Files</Filter>
    </ClInclude>
    <ClInclude Include="AgentRunAs.h">
      <Filter>Header Files</Filter>
    </ClInclude>
    <ClInclude Include="AgentSend.h">
      <Filter>Header Files</Filter>
    </ClInclude>
    <ClInclude Include="AgentShellCmd.h">
      <Filter>Header Files</Filter>
    </ClInclude>
    <ClInclude Include="AgentShellExec.h">
      <Filter>Header Files</Filter>
    </ClInclude>
    <ClInclude Include="AgentSleep.h">
      <Filter>Header Files</Filter>
    </ClInclude>
    <ClInclude Include="AgentToken.h">
      <Filter>Header Files</Filter>
    </ClInclude>
    <ClInclude Include="AgentVmDetect.h">
      <Filter>Header Files</Filter>
    </ClInclude>
    <ClInclude Include="AgentWMI.h">
      <Filter>Header Files</Filter>
    </ClInclude>
    <ClInclude Include="AgentWMILogEventSink.h">
      <Filter>Header Files</Filter>
    </ClInclude>
    <ClInclude Include="AgentWMIMonitor.h">
      <Filter>Header Files</Filter>
    </ClInclude>
    <ClInclude Include="AgentWMIProcessEventSink.h">
      <Filter>Header Files</Filter>
    </ClInclude>
    <ClInclude Include="AgentWMIServiceEventSink.h">
      <Filter>Header Files</Filter>
    </ClInclude>
    <ClInclude Include="AgentXor.h">
      <Filter>Header Files</Filter>
    </ClInclude>
    <ClInclude Include="base64.h">
      <Filter>Header Files</Filter>
    </ClInclude>
    <ClInclude Include="EventSink.h">
      <Filter>Header Files</Filter>
    </ClInclude>
    <ClInclude Include="json.h">
      <Filter>Header Files</Filter>
    </ClInclude>
    <ClInclude Include="json.hpp">
      <Filter>Header Files</Filter>
    </ClInclude>
    <ClInclude Include="stdafx.h">
      <Filter>Header Files</Filter>
    </ClInclude>
    <ClInclude Include="targetver.h">
      <Filter>Header Files</Filter>
    </ClInclude>
    <ClInclude Include="WinAES.h">
      <Filter>Header Files</Filter>
    </ClInclude>
  </ItemGroup>
  <ItemGroup>
    <ClCompile Include="WinAES.cpp">
      <Filter>Source Files</Filter>
    </ClCompile>
    <ClCompile Include="stdafx.cpp">
      <Filter>Source Files</Filter>
    </ClCompile>
    <ClCompile Include="Main.cpp">
      <Filter>Source Files</Filter>
    </ClCompile>
    <ClCompile Include="EventFilter.cpp">
      <Filter>Source Files</Filter>
    </ClCompile>
    <ClCompile Include="AgentWMIServiceEventFilter.cpp">
      <Filter>Source Files</Filter>
    </ClCompile>
    <ClCompile Include="AgentWMIProcessEventFilter.cpp">
      <Filter>Source Files</Filter>
    </ClCompile>
    <ClCompile Include="AgentWMIMonitor.cpp">
      <Filter>Source Files</Filter>
    </ClCompile>
    <ClCompile Include="AgentWMILogEventFilter.cpp">
      <Filter>Source Files</Filter>
    </ClCompile>
    <ClCompile Include="AgentVmDetect.cpp">
      <Filter>Source Files</Filter>
    </ClCompile>
    <ClCompile Include="AgentToken.cpp">
      <Filter>Source Files</Filter>
    </ClCompile>
    <ClCompile Include="AgentSleep.cpp">
      <Filter>Source Files</Filter>
    </ClCompile>
    <ClCompile Include="AgentShellExec.cpp">
      <Filter>Source Files</Filter>
    </ClCompile>
    <ClCompile Include="AgentShellCmd.cpp">
      <Filter>Source Files</Filter>
    </ClCompile>
    <ClCompile Include="AgentSend.cpp">
      <Filter>Source Files</Filter>
    </ClCompile>
    <ClCompile Include="AgentRunAs.cpp">
      <Filter>Source Files</Filter>
    </ClCompile>
    <ClCompile Include="AgentPS.cpp">
      <Filter>Source Files</Filter>
    </ClCompile>
    <ClCompile Include="AgentPrivscpp.cpp">
      <Filter>Source Files</Filter>
    </ClCompile>
    <ClCompile Include="AgentPanic.cpp">
      <Filter>Source Files</Filter>
    </ClCompile>
    <ClCompile Include="AgentOrchestrator.cpp">
      <Filter>Source Files</Filter>
    </ClCompile>
    <ClCompile Include="AgentLog.cpp">
      <Filter>Source Files</Filter>
    </ClCompile>
    <ClCompile Include="AgentInfo.cpp">
      <Filter>Source Files</Filter>
    </ClCompile>
    <ClCompile Include="AgentHelpers.cpp">
      <Filter>Source Files</Filter>
    </ClCompile>
    <ClCompile Include="AgentEncyption.cpp">
      <Filter>Source Files</Filter>
    </ClCompile>
    <ClCompile Include="AgentAvDetect.cpp">
      <Filter>Source Files</Filter>
    </ClCompile>
  </ItemGroup>
</Project>